
Microsoft Visual Studio Solution File, Format Version 12.00
# Visual Studio Version 17
VisualStudioVersion = 17.4.33213.308
MinimumVisualStudioVersion = 10.0.40219.1
Project("{FAE04EC0-301F-11D3-BF4B-00C04F79EFBC}") = "BoundingBoxVisualizer.Logic", "BoundingBoxVisualizer.BusinessLogic\BoundingBoxVisualizer.Logic.csproj", "{0148F810-7676-4CFD-A4BA-A47F44D0693F}"
EndProject
Global
	GlobalSection(SolutionConfigurationPlatforms) = preSolution
		Debug|Any CPU = Debug|Any CPU
		Release|Any CPU = Release|Any CPU
	EndGlobalSection
	GlobalSection(ProjectConfigurationPlatforms) = postSolution
		{0148F810-7676-4CFD-A4BA-A47F44D0693F}.Debug|Any CPU.ActiveCfg = Debug|Any CPU
		{0148F810-7676-4CFD-A4BA-A47F44D0693F}.Debug|Any CPU.Build.0 = Debug|Any CPU
		{0148F810-7676-4CFD-A4BA-A47F44D0693F}.Release|Any CPU.ActiveCfg = Release|Any CPU
		{0148F810-7676-4CFD-A4BA-A47F44D0693F}.Release|Any CPU.Build.0 = Release|Any CPU
	EndGlobalSection
	GlobalSection(SolutionProperties) = preSolution
		HideSolutionNode = FALSE
	EndGlobalSection
	GlobalSection(ExtensibilityGlobals) = postSolution
		SolutionGuid = {8FCE4CCB-45F8-4A4E-AFDD-B98546DA8005}
	EndGlobalSection
EndGlobal
